
Microsoft Visual Studio Solution File, Format Version 12.00
# Visual Studio Version 17
VisualStudioVersion = 17.5.33414.496
MinimumVisualStudioVersion = 10.0.40219.1
Project("{FAE04EC0-301F-11D3-BF4B-00C04F79EFBC}") = "PlataformaWeb", "PlataformaWeb\PlataformaWeb.csproj", "{241FDD6D-63E7-4527-B86E-6DDBBFDB808A}"
EndProject
Global
	GlobalSection(SolutionConfigurationPlatforms) = preSolution
		Debug|Any CPU = Debug|Any CPU
		Release|Any CPU = Release|Any CPU
	EndGlobalSection
	GlobalSection(ProjectConfigurationPlatforms) = postSolution
		{241FDD6D-63E7-4527-B86E-6DDBBFDB808A}.Debug|Any CPU.ActiveCfg = Debug|Any CPU
		{241FDD6D-63E7-4527-B86E-6DDBBFDB808A}.Debug|Any CPU.Build.0 = Debug|Any CPU
		{241FDD6D-63E7-4527-B86E-6DDBBFDB808A}.Release|Any CPU.ActiveCfg = Release|Any CPU
		{241FDD6D-63E7-4527-B86E-6DDBBFDB808A}.Release|Any CPU.Build.0 = Release|Any CPU
	EndGlobalSection
	GlobalSection(SolutionProperties) = preSolution
		HideSolutionNode = FALSE
	EndGlobalSection
	GlobalSection(ExtensibilityGlobals) = postSolution
		SolutionGuid = {37C3AD2C-7604-4F02-AB3F-B878A47B5AC5}
	EndGlobalSection
EndGlobal
